
Microsoft Visual Studio Solution File, Format Version 12.00
# Visual Studio Version 16
VisualStudioVersion = 16.0.31515.178
MinimumVisualStudioVersion = 10.0.40219.1
Project("{FAE04EC0-301F-11D3-BF4B-00C04F79EFBC}") = "NhomLucky", "NhomLucky\NhomLucky.csproj", "{211CAC70-B4B1-426A-82CD-CB511D29B714}"
EndProject
Global
	GlobalSection(SolutionConfigurationPlatforms) = preSolution
		Debug|Any CPU = Debug|Any CPU
		Release|Any CPU = Release|Any CPU
	EndGlobalSection
	GlobalSection(ProjectConfigurationPlatforms) = postSolution
		{211CAC70-B4B1-426A-82CD-CB511D29B714}.Debug|Any CPU.ActiveCfg = Debug|Any CPU
		{211CAC70-B4B1-426A-82CD-CB511D29B714}.Debug|Any CPU.Build.0 = Debug|Any CPU
		{211CAC70-B4B1-426A-82CD-CB511D29B714}.Release|Any CPU.ActiveCfg = Release|Any CPU
		{211CAC70-B4B1-426A-82CD-CB511D29B714}.Release|Any CPU.Build.0 = Release|Any CPU
	EndGlobalSection
	GlobalSection(SolutionProperties) = preSolution
		HideSolutionNode = FALSE
	EndGlobalSection
	GlobalSection(ExtensibilityGlobals) = postSolution
		SolutionGuid = {754E71BF-B7D2-4738-BD53-D02FA2313887}
	EndGlobalSection
EndGlobal
